
Microsoft Visual Studio Solution File, Format Version 11.00
# Visual Studio 2010
Project("{FAE04EC0-301F-11D3-BF4B-00C04F79EFBC}") = "UniTask", "UniTask.csproj", "{4083a8f0-363d-4838-7073-3b02b24e14f3}"
EndProject
Project("{FAE04EC0-301F-11D3-BF4B-00C04F79EFBC}") = "UnityGameFramework.Runtime", "UnityGameFramework.Runtime.csproj", "{bbadf937-018c-6dbd-179c-727bd8620b59}"
EndProject
Project("{FAE04EC0-301F-11D3-BF4B-00C04F79EFBC}") = "Assembly-CSharp", "Assembly-CSharp.csproj", "{f398b553-08b4-9c5e-3b86-a8f009628fb5}"
EndProject
Project("{FAE04EC0-301F-11D3-BF4B-00C04F79EFBC}") = "YooAsset.Editor", "YooAsset.Editor.csproj", "{721cfaff-50da-40b4-2121-993f0bd3b056}"
EndProject
Project("{FAE04EC0-301F-11D3-BF4B-00C04F79EFBC}") = "GameFramework", "GameFramework.csproj", "{49445b93-bb00-93b5-4b67-1624101dddb1}"
EndProject
Project("{FAE04EC0-301F-11D3-BF4B-00C04F79EFBC}") = "UnityGameFramework.Editor", "UnityGameFramework.Editor.csproj", "{39cf7164-d40e-ae74-b6ee-d9518386223a}"
EndProject
Project("{FAE04EC0-301F-11D3-BF4B-00C04F79EFBC}") = "UniTask.Linq", "UniTask.Linq.csproj", "{0c6b4048-3414-40b0-8909-f996058d575c}"
EndProject
Project("{FAE04EC0-301F-11D3-BF4B-00C04F79EFBC}") = "YooAsset", "YooAsset.csproj", "{c7f621c8-cf3d-b011-aaa9-9eab1769d6db}"
EndProject
Project("{FAE04EC0-301F-11D3-BF4B-00C04F79EFBC}") = "UniTask.Editor", "UniTask.Editor.csproj", "{5dccd73e-8c23-3239-1564-8de394c93839}"
EndProject
Project("{FAE04EC0-301F-11D3-BF4B-00C04F79EFBC}") = "Assembly-CSharp-Editor", "Assembly-CSharp-Editor.csproj", "{84aa3778-d7ff-896f-4baf-3baa65b9d45b}"
EndProject
Project("{FAE04EC0-301F-11D3-BF4B-00C04F79EFBC}") = "UniTask.DOTween", "UniTask.DOTween.csproj", "{459d4f69-310f-fe2e-16d3-77714c8dda61}"
EndProject
Project("{FAE04EC0-301F-11D3-BF4B-00C04F79EFBC}") = "UniTask.TextMeshPro", "UniTask.TextMeshPro.csproj", "{79dc3ff2-3498-b386-eaf0-8b320195bf4d}"
EndProject
Project("{FAE04EC0-301F-11D3-BF4B-00C04F79EFBC}") = "UniTask.Addressables", "UniTask.Addressables.csproj", "{df8a34a6-702e-85dc-0d86-18e13ac0048f}"
EndProject
Project("{FAE04EC0-301F-11D3-BF4B-00C04F79EFBC}") = "HotUpdate", "HotUpdate.csproj", "{ddc3b7bb-46af-7f55-5b78-a3ae0a3e70c4}"
EndProject
Global
	GlobalSection(SolutionConfigurationPlatforms) = preSolution
		Debug|Any CPU = Debug|Any CPU
	EndGlobalSection
	GlobalSection(ProjectConfigurationPlatforms) = postSolution
		{4083a8f0-363d-4838-7073-3b02b24e14f3}.Debug|Any CPU.ActiveCfg = Debug|Any CPU
		{4083a8f0-363d-4838-7073-3b02b24e14f3}.Debug|Any CPU.Build.0 = Debug|Any CPU
		{bbadf937-018c-6dbd-179c-727bd8620b59}.Debug|Any CPU.ActiveCfg = Debug|Any CPU
		{bbadf937-018c-6dbd-179c-727bd8620b59}.Debug|Any CPU.Build.0 = Debug|Any CPU
		{f398b553-08b4-9c5e-3b86-a8f009628fb5}.Debug|Any CPU.ActiveCfg = Debug|Any CPU
		{f398b553-08b4-9c5e-3b86-a8f009628fb5}.Debug|Any CPU.Build.0 = Debug|Any CPU
		{721cfaff-50da-40b4-2121-993f0bd3b056}.Debug|Any CPU.ActiveCfg = Debug|Any CPU
		{721cfaff-50da-40b4-2121-993f0bd3b056}.Debug|Any CPU.Build.0 = Debug|Any CPU
		{49445b93-bb00-93b5-4b67-1624101dddb1}.Debug|Any CPU.ActiveCfg = Debug|Any CPU
		{49445b93-bb00-93b5-4b67-1624101dddb1}.Debug|Any CPU.Build.0 = Debug|Any CPU
		{39cf7164-d40e-ae74-b6ee-d9518386223a}.Debug|Any CPU.ActiveCfg = Debug|Any CPU
		{39cf7164-d40e-ae74-b6ee-d9518386223a}.Debug|Any CPU.Build.0 = Debug|Any CPU
		{0c6b4048-3414-40b0-8909-f996058d575c}.Debug|Any CPU.ActiveCfg = Debug|Any CPU
		{0c6b4048-3414-40b0-8909-f996058d575c}.Debug|Any CPU.Build.0 = Debug|Any CPU
		{c7f621c8-cf3d-b011-aaa9-9eab1769d6db}.Debug|Any CPU.ActiveCfg = Debug|Any CPU
		{c7f621c8-cf3d-b011-aaa9-9eab1769d6db}.Debug|Any CPU.Build.0 = Debug|Any CPU
		{5dccd73e-8c23-3239-1564-8de394c93839}.Debug|Any CPU.ActiveCfg = Debug|Any CPU
		{5dccd73e-8c23-3239-1564-8de394c93839}.Debug|Any CPU.Build.0 = Debug|Any CPU
		{84aa3778-d7ff-896f-4baf-3baa65b9d45b}.Debug|Any CPU.ActiveCfg = Debug|Any CPU
		{84aa3778-d7ff-896f-4baf-3baa65b9d45b}.Debug|Any CPU.Build.0 = Debug|Any CPU
		{459d4f69-310f-fe2e-16d3-77714c8dda61}.Debug|Any CPU.ActiveCfg = Debug|Any CPU
		{459d4f69-310f-fe2e-16d3-77714c8dda61}.Debug|Any CPU.Build.0 = Debug|Any CPU
		{79dc3ff2-3498-b386-eaf0-8b320195bf4d}.Debug|Any CPU.ActiveCfg = Debug|Any CPU
		{79dc3ff2-3498-b386-eaf0-8b320195bf4d}.Debug|Any CPU.Build.0 = Debug|Any CPU
		{df8a34a6-702e-85dc-0d86-18e13ac0048f}.Debug|Any CPU.ActiveCfg = Debug|Any CPU
		{df8a34a6-702e-85dc-0d86-18e13ac0048f}.Debug|Any CPU.Build.0 = Debug|Any CPU
		{ddc3b7bb-46af-7f55-5b78-a3ae0a3e70c4}.Debug|Any CPU.ActiveCfg = Debug|Any CPU
		{ddc3b7bb-46af-7f55-5b78-a3ae0a3e70c4}.Debug|Any CPU.Build.0 = Debug|Any CPU
	EndGlobalSection
	GlobalSection(SolutionProperties) = preSolution
		HideSolutionNode = FALSE
	EndGlobalSection
EndGlobal
